
Microsoft Visual Studio Solution File, Format Version 12.00
# Visual Studio Version 16
VisualStudioVersion = 16.0.34902.97
MinimumVisualStudioVersion = 10.0.40219.1
Project("{FAE04EC0-301F-11D3-BF4B-00C04F79EFBC}") = "Uri1016", "Uri1016\Uri1016.csproj", "{BCB33814-9284-4A7F-975E-707879E69A6C}"
EndProject
Global
	GlobalSection(SolutionConfigurationPlatforms) = preSolution
		Debug|Any CPU = Debug|Any CPU
		Release|Any CPU = Release|Any CPU
	EndGlobalSection
	GlobalSection(ProjectConfigurationPlatforms) = postSolution
		{BCB33814-9284-4A7F-975E-707879E69A6C}.Debug|Any CPU.ActiveCfg = Debug|Any CPU
		{BCB33814-9284-4A7F-975E-707879E69A6C}.Debug|Any CPU.Build.0 = Debug|Any CPU
		{BCB33814-9284-4A7F-975E-707879E69A6C}.Release|Any CPU.ActiveCfg = Release|Any CPU
		{BCB33814-9284-4A7F-975E-707879E69A6C}.Release|Any CPU.Build.0 = Release|Any CPU
	EndGlobalSection
	GlobalSection(SolutionProperties) = preSolution
		HideSolutionNode = FALSE
	EndGlobalSection
	GlobalSection(ExtensibilityGlobals) = postSolution
		SolutionGuid = {C68F2E84-D442-48E9-9B1D-E8EF71C1805A}
	EndGlobalSection
EndGlobal
