
Microsoft Visual Studio Solution File, Format Version 12.00
# Visual Studio Version 16
VisualStudioVersion = 16.0.34729.46
MinimumVisualStudioVersion = 10.0.40219.1
Project("{FAE04EC0-301F-11D3-BF4B-00C04F79EFBC}") = "01_LocalizarCodigo", "01_LocalizarCodigo\01_LocalizarCodigo.csproj", "{C4F85485-067D-4681-935D-74BAE6E16B4B}"
EndProject
Project("{FAE04EC0-301F-11D3-BF4B-00C04F79EFBC}") = "02_Manual", "02_Manual\02_Manual.csproj", "{C01123D8-A6D7-46BE-B452-840BAB3DF6CC}"
EndProject
Global
	GlobalSection(SolutionConfigurationPlatforms) = preSolution
		Debug|Any CPU = Debug|Any CPU
		Release|Any CPU = Release|Any CPU
	EndGlobalSection
	GlobalSection(ProjectConfigurationPlatforms) = postSolution
		{C4F85485-067D-4681-935D-74BAE6E16B4B}.Debug|Any CPU.ActiveCfg = Debug|Any CPU
		{C4F85485-067D-4681-935D-74BAE6E16B4B}.Debug|Any CPU.Build.0 = Debug|Any CPU
		{C4F85485-067D-4681-935D-74BAE6E16B4B}.Release|Any CPU.ActiveCfg = Release|Any CPU
		{C4F85485-067D-4681-935D-74BAE6E16B4B}.Release|Any CPU.Build.0 = Release|Any CPU
		{C01123D8-A6D7-46BE-B452-840BAB3DF6CC}.Debug|Any CPU.ActiveCfg = Debug|Any CPU
		{C01123D8-A6D7-46BE-B452-840BAB3DF6CC}.Debug|Any CPU.Build.0 = Debug|Any CPU
		{C01123D8-A6D7-46BE-B452-840BAB3DF6CC}.Release|Any CPU.ActiveCfg = Release|Any CPU
		{C01123D8-A6D7-46BE-B452-840BAB3DF6CC}.Release|Any CPU.Build.0 = Release|Any CPU
	EndGlobalSection
	GlobalSection(SolutionProperties) = preSolution
		HideSolutionNode = FALSE
	EndGlobalSection
	GlobalSection(ExtensibilityGlobals) = postSolution
		SolutionGuid = {E2EA50D3-1498-4519-8013-484A52C72CA4}
	EndGlobalSection
EndGlobal
