
Microsoft Visual Studio Solution File, Format Version 12.00
# Visual Studio Version 16
VisualStudioVersion = 16.0.34902.97
MinimumVisualStudioVersion = 10.0.40219.1
Project("{FAE04EC0-301F-11D3-BF4B-00C04F79EFBC}") = "testes-processamento", "testes-processamento\testes-processamento.csproj", "{45013F8D-12C2-4D5F-B0B9-005D08FD2CA5}"
EndProject
Global
	GlobalSection(SolutionConfigurationPlatforms) = preSolution
		Debug|Any CPU = Debug|Any CPU
		Release|Any CPU = Release|Any CPU
	EndGlobalSection
	GlobalSection(ProjectConfigurationPlatforms) = postSolution
		{45013F8D-12C2-4D5F-B0B9-005D08FD2CA5}.Debug|Any CPU.ActiveCfg = Debug|Any CPU
		{45013F8D-12C2-4D5F-B0B9-005D08FD2CA5}.Debug|Any CPU.Build.0 = Debug|Any CPU
		{45013F8D-12C2-4D5F-B0B9-005D08FD2CA5}.Release|Any CPU.ActiveCfg = Release|Any CPU
		{45013F8D-12C2-4D5F-B0B9-005D08FD2CA5}.Release|Any CPU.Build.0 = Release|Any CPU
	EndGlobalSection
	GlobalSection(SolutionProperties) = preSolution
		HideSolutionNode = FALSE
	EndGlobalSection
	GlobalSection(ExtensibilityGlobals) = postSolution
		SolutionGuid = {4E283998-D5E3-4008-82A9-09E2974509DD}
	EndGlobalSection
EndGlobal
