
Microsoft Visual Studio Solution File, Format Version 12.00
# Visual Studio Version 16
VisualStudioVersion = 16.0.34902.97
MinimumVisualStudioVersion = 10.0.40219.1
Project("{FAE04EC0-301F-11D3-BF4B-00C04F79EFBC}") = "Exercicio14", "Exercicio14\Exercicio14.csproj", "{4FB74BA3-4F3B-429B-831E-798A865F2396}"
EndProject
Global
	GlobalSection(SolutionConfigurationPlatforms) = preSolution
		Debug|Any CPU = Debug|Any CPU
		Release|Any CPU = Release|Any CPU
	EndGlobalSection
	GlobalSection(ProjectConfigurationPlatforms) = postSolution
		{4FB74BA3-4F3B-429B-831E-798A865F2396}.Debug|Any CPU.ActiveCfg = Debug|Any CPU
		{4FB74BA3-4F3B-429B-831E-798A865F2396}.Debug|Any CPU.Build.0 = Debug|Any CPU
		{4FB74BA3-4F3B-429B-831E-798A865F2396}.Release|Any CPU.ActiveCfg = Release|Any CPU
		{4FB74BA3-4F3B-429B-831E-798A865F2396}.Release|Any CPU.Build.0 = Release|Any CPU
	EndGlobalSection
	GlobalSection(SolutionProperties) = preSolution
		HideSolutionNode = FALSE
	EndGlobalSection
	GlobalSection(ExtensibilityGlobals) = postSolution
		SolutionGuid = {22A3A779-E948-4BCF-AFE8-46864FD2A317}
	EndGlobalSection
EndGlobal
