
Microsoft Visual Studio Solution File, Format Version 12.00
# Visual Studio Version 17
VisualStudioVersion = 17.11.34909.67
MinimumVisualStudioVersion = 10.0.40219.1
Project("{FAE04EC0-301F-11D3-BF4B-00C04F79EFBC}") = "ArraysColecoesConsoleApp", "ArraysColecoesConsoleApp\ArraysColecoesConsoleApp.csproj", "{61FF7EBD-4394-4B36-A9DD-B86963871EB2}"
EndProject
Global
	GlobalSection(SolutionConfigurationPlatforms) = preSolution
		Debug|Any CPU = Debug|Any CPU
		Release|Any CPU = Release|Any CPU
	EndGlobalSection
	GlobalSection(ProjectConfigurationPlatforms) = postSolution
		{61FF7EBD-4394-4B36-A9DD-B86963871EB2}.Debug|Any CPU.ActiveCfg = Debug|Any CPU
		{61FF7EBD-4394-4B36-A9DD-B86963871EB2}.Debug|Any CPU.Build.0 = Debug|Any CPU
		{61FF7EBD-4394-4B36-A9DD-B86963871EB2}.Release|Any CPU.ActiveCfg = Release|Any CPU
		{61FF7EBD-4394-4B36-A9DD-B86963871EB2}.Release|Any CPU.Build.0 = Release|Any CPU
	EndGlobalSection
	GlobalSection(SolutionProperties) = preSolution
		HideSolutionNode = FALSE
	EndGlobalSection
	GlobalSection(ExtensibilityGlobals) = postSolution
		SolutionGuid = {AF6F4FA0-11D3-4259-951B-8401500576DE}
	EndGlobalSection
EndGlobal
