
Microsoft Visual Studio Solution File, Format Version 12.00
# Visual Studio Version 16
VisualStudioVersion = 16.0.34902.97
MinimumVisualStudioVersion = 10.0.40219.1
Project("{FAE04EC0-301F-11D3-BF4B-00C04F79EFBC}") = "Uri1006", "Uri1006\Uri1006.csproj", "{1800931F-760A-4F5C-BEFB-09E7F3709103}"
EndProject
Global
	GlobalSection(SolutionConfigurationPlatforms) = preSolution
		Debug|Any CPU = Debug|Any CPU
		Release|Any CPU = Release|Any CPU
	EndGlobalSection
	GlobalSection(ProjectConfigurationPlatforms) = postSolution
		{1800931F-760A-4F5C-BEFB-09E7F3709103}.Debug|Any CPU.ActiveCfg = Debug|Any CPU
		{1800931F-760A-4F5C-BEFB-09E7F3709103}.Debug|Any CPU.Build.0 = Debug|Any CPU
		{1800931F-760A-4F5C-BEFB-09E7F3709103}.Release|Any CPU.ActiveCfg = Release|Any CPU
		{1800931F-760A-4F5C-BEFB-09E7F3709103}.Release|Any CPU.Build.0 = Release|Any CPU
	EndGlobalSection
	GlobalSection(SolutionProperties) = preSolution
		HideSolutionNode = FALSE
	EndGlobalSection
	GlobalSection(ExtensibilityGlobals) = postSolution
		SolutionGuid = {0E4B9429-FF73-406A-A53B-DDF8F2184DC5}
	EndGlobalSection
EndGlobal
