
Microsoft Visual Studio Solution File, Format Version 12.00
# Visual Studio Version 16
VisualStudioVersion = 16.0.34902.97
MinimumVisualStudioVersion = 10.0.40219.1
Project("{FAE04EC0-301F-11D3-BF4B-00C04F79EFBC}") = "Uri1011", "Uri1011\Uri1011.csproj", "{8908D882-D724-4D71-8219-D8FBD4AEB26C}"
EndProject
Global
	GlobalSection(SolutionConfigurationPlatforms) = preSolution
		Debug|Any CPU = Debug|Any CPU
		Release|Any CPU = Release|Any CPU
	EndGlobalSection
	GlobalSection(ProjectConfigurationPlatforms) = postSolution
		{8908D882-D724-4D71-8219-D8FBD4AEB26C}.Debug|Any CPU.ActiveCfg = Debug|Any CPU
		{8908D882-D724-4D71-8219-D8FBD4AEB26C}.Debug|Any CPU.Build.0 = Debug|Any CPU
		{8908D882-D724-4D71-8219-D8FBD4AEB26C}.Release|Any CPU.ActiveCfg = Release|Any CPU
		{8908D882-D724-4D71-8219-D8FBD4AEB26C}.Release|Any CPU.Build.0 = Release|Any CPU
	EndGlobalSection
	GlobalSection(SolutionProperties) = preSolution
		HideSolutionNode = FALSE
	EndGlobalSection
	GlobalSection(ExtensibilityGlobals) = postSolution
		SolutionGuid = {4E91278D-8344-4546-B3BB-88933A770499}
	EndGlobalSection
EndGlobal
