
Microsoft Visual Studio Solution File, Format Version 12.00
# Visual Studio Version 16
VisualStudioVersion = 16.0.34902.97
MinimumVisualStudioVersion = 10.0.40219.1
Project("{FAE04EC0-301F-11D3-BF4B-00C04F79EFBC}") = "Uri1018", "Uri1018\Uri1018.csproj", "{E582572E-EA56-44D6-B748-7ED1531C46EB}"
EndProject
Global
	GlobalSection(SolutionConfigurationPlatforms) = preSolution
		Debug|Any CPU = Debug|Any CPU
		Release|Any CPU = Release|Any CPU
	EndGlobalSection
	GlobalSection(ProjectConfigurationPlatforms) = postSolution
		{E582572E-EA56-44D6-B748-7ED1531C46EB}.Debug|Any CPU.ActiveCfg = Debug|Any CPU
		{E582572E-EA56-44D6-B748-7ED1531C46EB}.Debug|Any CPU.Build.0 = Debug|Any CPU
		{E582572E-EA56-44D6-B748-7ED1531C46EB}.Release|Any CPU.ActiveCfg = Release|Any CPU
		{E582572E-EA56-44D6-B748-7ED1531C46EB}.Release|Any CPU.Build.0 = Release|Any CPU
	EndGlobalSection
	GlobalSection(SolutionProperties) = preSolution
		HideSolutionNode = FALSE
	EndGlobalSection
	GlobalSection(ExtensibilityGlobals) = postSolution
		SolutionGuid = {F0C195F5-ACF3-4A5C-8522-5DFFC5B37CDD}
	EndGlobalSection
EndGlobal
