
Microsoft Visual Studio Solution File, Format Version 12.00
# Visual Studio Version 16
VisualStudioVersion = 16.0.34902.97
MinimumVisualStudioVersion = 10.0.40219.1
Project("{FAE04EC0-301F-11D3-BF4B-00C04F79EFBC}") = "Uri1005", "Uri1005\Uri1005.csproj", "{28889A75-00B3-4E97-9335-71A770AE9532}"
EndProject
Global
	GlobalSection(SolutionConfigurationPlatforms) = preSolution
		Debug|Any CPU = Debug|Any CPU
		Release|Any CPU = Release|Any CPU
	EndGlobalSection
	GlobalSection(ProjectConfigurationPlatforms) = postSolution
		{28889A75-00B3-4E97-9335-71A770AE9532}.Debug|Any CPU.ActiveCfg = Debug|Any CPU
		{28889A75-00B3-4E97-9335-71A770AE9532}.Debug|Any CPU.Build.0 = Debug|Any CPU
		{28889A75-00B3-4E97-9335-71A770AE9532}.Release|Any CPU.ActiveCfg = Release|Any CPU
		{28889A75-00B3-4E97-9335-71A770AE9532}.Release|Any CPU.Build.0 = Release|Any CPU
	EndGlobalSection
	GlobalSection(SolutionProperties) = preSolution
		HideSolutionNode = FALSE
	EndGlobalSection
	GlobalSection(ExtensibilityGlobals) = postSolution
		SolutionGuid = {71B6273C-4D2A-4301-906F-9B7722ED05AF}
	EndGlobalSection
EndGlobal
