
Microsoft Visual Studio Solution File, Format Version 12.00
# Visual Studio Version 16
VisualStudioVersion = 16.0.34902.97
MinimumVisualStudioVersion = 10.0.40219.1
Project("{FAE04EC0-301F-11D3-BF4B-00C04F79EFBC}") = "Exercicio15", "Exercicio15\Exercicio15.csproj", "{0A607CF1-62F4-44A6-9FA2-B5A2B1694C18}"
EndProject
Global
	GlobalSection(SolutionConfigurationPlatforms) = preSolution
		Debug|Any CPU = Debug|Any CPU
		Release|Any CPU = Release|Any CPU
	EndGlobalSection
	GlobalSection(ProjectConfigurationPlatforms) = postSolution
		{0A607CF1-62F4-44A6-9FA2-B5A2B1694C18}.Debug|Any CPU.ActiveCfg = Debug|Any CPU
		{0A607CF1-62F4-44A6-9FA2-B5A2B1694C18}.Debug|Any CPU.Build.0 = Debug|Any CPU
		{0A607CF1-62F4-44A6-9FA2-B5A2B1694C18}.Release|Any CPU.ActiveCfg = Release|Any CPU
		{0A607CF1-62F4-44A6-9FA2-B5A2B1694C18}.Release|Any CPU.Build.0 = Release|Any CPU
	EndGlobalSection
	GlobalSection(SolutionProperties) = preSolution
		HideSolutionNode = FALSE
	EndGlobalSection
	GlobalSection(ExtensibilityGlobals) = postSolution
		SolutionGuid = {FD49E4D1-EB74-46A0-B8E6-7C12461202E6}
	EndGlobalSection
EndGlobal
