
Microsoft Visual Studio Solution File, Format Version 12.00
# Visual Studio Version 17
VisualStudioVersion = 17.11.34909.67
MinimumVisualStudioVersion = 10.0.40219.1
Project("{FAE04EC0-301F-11D3-BF4B-00C04F79EFBC}") = "VariaveisConsoleApp", "VariaveisConsoleApp\VariaveisConsoleApp.csproj", "{BDB3CA96-F191-40A2-A7D9-D6DF39EB1838}"
EndProject
Global
	GlobalSection(SolutionConfigurationPlatforms) = preSolution
		Debug|Any CPU = Debug|Any CPU
		Release|Any CPU = Release|Any CPU
	EndGlobalSection
	GlobalSection(ProjectConfigurationPlatforms) = postSolution
		{BDB3CA96-F191-40A2-A7D9-D6DF39EB1838}.Debug|Any CPU.ActiveCfg = Debug|Any CPU
		{BDB3CA96-F191-40A2-A7D9-D6DF39EB1838}.Debug|Any CPU.Build.0 = Debug|Any CPU
		{BDB3CA96-F191-40A2-A7D9-D6DF39EB1838}.Release|Any CPU.ActiveCfg = Release|Any CPU
		{BDB3CA96-F191-40A2-A7D9-D6DF39EB1838}.Release|Any CPU.Build.0 = Release|Any CPU
	EndGlobalSection
	GlobalSection(SolutionProperties) = preSolution
		HideSolutionNode = FALSE
	EndGlobalSection
	GlobalSection(ExtensibilityGlobals) = postSolution
		SolutionGuid = {2C1D1052-AF86-414D-85C9-D1FC822EC371}
	EndGlobalSection
EndGlobal
