
Microsoft Visual Studio Solution File, Format Version 12.00
# Visual Studio Version 16
VisualStudioVersion = 16.0.34902.97
MinimumVisualStudioVersion = 10.0.40219.1
Project("{FAE04EC0-301F-11D3-BF4B-00C04F79EFBC}") = "Uri1015", "Uri1015\Uri1015.csproj", "{EF6121DB-56C2-4CEC-9638-B115F2637247}"
EndProject
Global
	GlobalSection(SolutionConfigurationPlatforms) = preSolution
		Debug|Any CPU = Debug|Any CPU
		Release|Any CPU = Release|Any CPU
	EndGlobalSection
	GlobalSection(ProjectConfigurationPlatforms) = postSolution
		{EF6121DB-56C2-4CEC-9638-B115F2637247}.Debug|Any CPU.ActiveCfg = Debug|Any CPU
		{EF6121DB-56C2-4CEC-9638-B115F2637247}.Debug|Any CPU.Build.0 = Debug|Any CPU
		{EF6121DB-56C2-4CEC-9638-B115F2637247}.Release|Any CPU.ActiveCfg = Release|Any CPU
		{EF6121DB-56C2-4CEC-9638-B115F2637247}.Release|Any CPU.Build.0 = Release|Any CPU
	EndGlobalSection
	GlobalSection(SolutionProperties) = preSolution
		HideSolutionNode = FALSE
	EndGlobalSection
	GlobalSection(ExtensibilityGlobals) = postSolution
		SolutionGuid = {694D1838-1D54-411E-9B0F-99D1379A9A04}
	EndGlobalSection
EndGlobal
