
Microsoft Visual Studio Solution File, Format Version 12.00
# Visual Studio Version 16
VisualStudioVersion = 16.0.34729.46
MinimumVisualStudioVersion = 10.0.40219.1
Project("{9A19103F-16F7-4668-BE54-9A1E7A4F7556}") = "S2E1 - EntradaSaida", "S2E1 - EntradaSaida\S2E1 - EntradaSaida.csproj", "{6DC6A225-7FD1-4243-9273-6F4F050FD796}"
EndProject
Project("{FAE04EC0-301F-11D3-BF4B-00C04F79EFBC}") = "S4E1 - POO e EstruturaRepeticao", "S4E1 - POO e EstruturaRepeticao\S4E1 - POO e EstruturaRepeticao.csproj", "{7E0FF090-331A-4FB0-B2FA-2B1C66396638}"
EndProject
Global
	GlobalSection(SolutionConfigurationPlatforms) = preSolution
		Debug|Any CPU = Debug|Any CPU
		Release|Any CPU = Release|Any CPU
	EndGlobalSection
	GlobalSection(ProjectConfigurationPlatforms) = postSolution
		{6DC6A225-7FD1-4243-9273-6F4F050FD796}.Debug|Any CPU.ActiveCfg = Debug|Any CPU
		{6DC6A225-7FD1-4243-9273-6F4F050FD796}.Debug|Any CPU.Build.0 = Debug|Any CPU
		{6DC6A225-7FD1-4243-9273-6F4F050FD796}.Release|Any CPU.ActiveCfg = Release|Any CPU
		{6DC6A225-7FD1-4243-9273-6F4F050FD796}.Release|Any CPU.Build.0 = Release|Any CPU
		{7E0FF090-331A-4FB0-B2FA-2B1C66396638}.Debug|Any CPU.ActiveCfg = Debug|Any CPU
		{7E0FF090-331A-4FB0-B2FA-2B1C66396638}.Debug|Any CPU.Build.0 = Debug|Any CPU
		{7E0FF090-331A-4FB0-B2FA-2B1C66396638}.Release|Any CPU.ActiveCfg = Release|Any CPU
		{7E0FF090-331A-4FB0-B2FA-2B1C66396638}.Release|Any CPU.Build.0 = Release|Any CPU
	EndGlobalSection
	GlobalSection(SolutionProperties) = preSolution
		HideSolutionNode = FALSE
	EndGlobalSection
	GlobalSection(ExtensibilityGlobals) = postSolution
		SolutionGuid = {8F33DC39-ADCE-4C47-9395-E65AA5CCF6FC}
	EndGlobalSection
EndGlobal
