
Microsoft Visual Studio Solution File, Format Version 12.00
# Visual Studio Version 16
VisualStudioVersion = 16.0.34902.97
MinimumVisualStudioVersion = 10.0.40219.1
Project("{FAE04EC0-301F-11D3-BF4B-00C04F79EFBC}") = "Uri1004", "Uri1004\Uri1004.csproj", "{6763EC21-067D-4479-B142-E52C1DFAFDD5}"
EndProject
Global
	GlobalSection(SolutionConfigurationPlatforms) = preSolution
		Debug|Any CPU = Debug|Any CPU
		Release|Any CPU = Release|Any CPU
	EndGlobalSection
	GlobalSection(ProjectConfigurationPlatforms) = postSolution
		{6763EC21-067D-4479-B142-E52C1DFAFDD5}.Debug|Any CPU.ActiveCfg = Debug|Any CPU
		{6763EC21-067D-4479-B142-E52C1DFAFDD5}.Debug|Any CPU.Build.0 = Debug|Any CPU
		{6763EC21-067D-4479-B142-E52C1DFAFDD5}.Release|Any CPU.ActiveCfg = Release|Any CPU
		{6763EC21-067D-4479-B142-E52C1DFAFDD5}.Release|Any CPU.Build.0 = Release|Any CPU
	EndGlobalSection
	GlobalSection(SolutionProperties) = preSolution
		HideSolutionNode = FALSE
	EndGlobalSection
	GlobalSection(ExtensibilityGlobals) = postSolution
		SolutionGuid = {AEF8B4FA-E60A-4AEB-8C09-1EC7507D22C9}
	EndGlobalSection
EndGlobal
