
Microsoft Visual Studio Solution File, Format Version 12.00
# Visual Studio Version 16
VisualStudioVersion = 16.0.34902.97
MinimumVisualStudioVersion = 10.0.40219.1
Project("{FAE04EC0-301F-11D3-BF4B-00C04F79EFBC}") = "Uri1019", "Uri1019\Uri1019.csproj", "{EBFDED27-CDDE-485A-9406-E6BA3C959D19}"
EndProject
Global
	GlobalSection(SolutionConfigurationPlatforms) = preSolution
		Debug|Any CPU = Debug|Any CPU
		Release|Any CPU = Release|Any CPU
	EndGlobalSection
	GlobalSection(ProjectConfigurationPlatforms) = postSolution
		{EBFDED27-CDDE-485A-9406-E6BA3C959D19}.Debug|Any CPU.ActiveCfg = Debug|Any CPU
		{EBFDED27-CDDE-485A-9406-E6BA3C959D19}.Debug|Any CPU.Build.0 = Debug|Any CPU
		{EBFDED27-CDDE-485A-9406-E6BA3C959D19}.Release|Any CPU.ActiveCfg = Release|Any CPU
		{EBFDED27-CDDE-485A-9406-E6BA3C959D19}.Release|Any CPU.Build.0 = Release|Any CPU
	EndGlobalSection
	GlobalSection(SolutionProperties) = preSolution
		HideSolutionNode = FALSE
	EndGlobalSection
	GlobalSection(ExtensibilityGlobals) = postSolution
		SolutionGuid = {72E1D240-F296-4DD9-BFB3-49E0518C87B7}
	EndGlobalSection
EndGlobal
