
Microsoft Visual Studio Solution File, Format Version 12.00
# Visual Studio Version 16
VisualStudioVersion = 16.0.34902.97
MinimumVisualStudioVersion = 10.0.40219.1
Project("{FAE04EC0-301F-11D3-BF4B-00C04F79EFBC}") = "Uri1113", "Uri1113\Uri1113.csproj", "{7FA6A616-5814-426C-BE33-6BC6B450812B}"
EndProject
Global
	GlobalSection(SolutionConfigurationPlatforms) = preSolution
		Debug|Any CPU = Debug|Any CPU
		Release|Any CPU = Release|Any CPU
	EndGlobalSection
	GlobalSection(ProjectConfigurationPlatforms) = postSolution
		{7FA6A616-5814-426C-BE33-6BC6B450812B}.Debug|Any CPU.ActiveCfg = Debug|Any CPU
		{7FA6A616-5814-426C-BE33-6BC6B450812B}.Debug|Any CPU.Build.0 = Debug|Any CPU
		{7FA6A616-5814-426C-BE33-6BC6B450812B}.Release|Any CPU.ActiveCfg = Release|Any CPU
		{7FA6A616-5814-426C-BE33-6BC6B450812B}.Release|Any CPU.Build.0 = Release|Any CPU
	EndGlobalSection
	GlobalSection(SolutionProperties) = preSolution
		HideSolutionNode = FALSE
	EndGlobalSection
	GlobalSection(ExtensibilityGlobals) = postSolution
		SolutionGuid = {33EC70AA-80A2-44AC-8079-5108603E00DE}
	EndGlobalSection
EndGlobal
